
Microsoft Visual Studio Solution File, Format Version 12.00
# Visual Studio Version 16
VisualStudioVersion = 16.0.29201.188
MinimumVisualStudioVersion = 10.0.40219.1
Project("{8BC9CEB8-8B4A-11D0-8D11-00A0C91BC942}") = "PurpleHell", "PurpleHell\PurpleHell.vcxproj", "{B4405EE6-418C-4AC8-861C-5E972A1613C4}"
EndProject
Global
	GlobalSection(SolutionConfigurationPlatforms) = preSolution
		Debug|x64 = Debug|x64
		Debug|x86 = Debug|x86
		Release|x64 = Release|x64
		Release|x86 = Release|x86
	EndGlobalSection
	GlobalSection(ProjectConfigurationPlatforms) = postSolution
		{B4405EE6-418C-4AC8-861C-5E972A1613C4}.Debug|x64.ActiveCfg = Debug|x64
		{B4405EE6-418C-4AC8-861C-5E972A1613C4}.Debug|x64.Build.0 = Debug|x64
		{B4405EE6-418C-4AC8-861C-5E972A1613C4}.Debug|x86.ActiveCfg = Debug|Win32
		{B4405EE6-418C-4AC8-861C-5E972A1613C4}.Debug|x86.Build.0 = Debug|Win32
		{B4405EE6-418C-4AC8-861C-5E972A1613C4}.Release|x64.ActiveCfg = Release|x64
		{B4405EE6-418C-4AC8-861C-5E972A1613C4}.Release|x64.Build.0 = Release|x64
		{B4405EE6-418C-4AC8-861C-5E972A1613C4}.Release|x86.ActiveCfg = Release|Win32
		{B4405EE6-418C-4AC8-861C-5E972A1613C4}.Release|x86.Build.0 = Release|Win32
	EndGlobalSection
	GlobalSection(SolutionProperties) = preSolution
		HideSolutionNode = FALSE
	EndGlobalSection
	GlobalSection(ExtensibilityGlobals) = postSolution
		SolutionGuid = {25C0B0D6-056A-42BC-80F7-2098B3EA2996}
	EndGlobalSection
EndGlobal
